
Microsoft Visual Studio Solution File, Format Version 12.00
# Visual Studio Version 16
VisualStudioVersion = 16.0.31613.86
MinimumVisualStudioVersion = 10.0.40219.1
Project("{FAE04EC0-301F-11D3-BF4B-00C04F79EFBC}") = "lab10", "lab10.csproj", "{6A64A03E-9DA0-43F5-B930-CF65DBDD17FA}"
EndProject
Global
	GlobalSection(SolutionConfigurationPlatforms) = preSolution
		Debug|Any CPU = Debug|Any CPU
		Release|Any CPU = Release|Any CPU
	EndGlobalSection
	GlobalSection(ProjectConfigurationPlatforms) = postSolution
		{6A64A03E-9DA0-43F5-B930-CF65DBDD17FA}.Debug|Any CPU.ActiveCfg = Debug|Any CPU
		{6A64A03E-9DA0-43F5-B930-CF65DBDD17FA}.Debug|Any CPU.Build.0 = Debug|Any CPU
		{6A64A03E-9DA0-43F5-B930-CF65DBDD17FA}.Release|Any CPU.ActiveCfg = Release|Any CPU
		{6A64A03E-9DA0-43F5-B930-CF65DBDD17FA}.Release|Any CPU.Build.0 = Release|Any CPU
	EndGlobalSection
	GlobalSection(SolutionProperties) = preSolution
		HideSolutionNode = FALSE
	EndGlobalSection
	GlobalSection(ExtensibilityGlobals) = postSolution
		SolutionGuid = {2C27B6AF-5900-4450-9232-9362C0483F7A}
	EndGlobalSection
EndGlobal
